
Microsoft Visual Studio Solution File, Format Version 12.00
# Visual Studio 15
VisualStudioVersion = 15.0.27004.2005
MinimumVisualStudioVersion = 10.0.40219.1
Project("{FAE04EC0-301F-11D3-BF4B-00C04F79EFBC}") = "StayYourCarOutborder", "StayYourCarOutborder.csproj", "{35CE73E6-32EA-BBC2-BCD4-C75D9567D6B1}"
EndProject
Global
	GlobalSection(SolutionConfigurationPlatforms) = preSolution
		Debug|Any CPU = Debug|Any CPU
		Release|Any CPU = Release|Any CPU
	EndGlobalSection
	GlobalSection(ProjectConfigurationPlatforms) = postSolution
		{35CE73E6-32EA-BBC2-BCD4-C75D9567D6B1}.Debug|Any CPU.ActiveCfg = Debug|Any CPU
		{35CE73E6-32EA-BBC2-BCD4-C75D9567D6B1}.Debug|Any CPU.Build.0 = Debug|Any CPU
		{35CE73E6-32EA-BBC2-BCD4-C75D9567D6B1}.Release|Any CPU.ActiveCfg = Release|Any CPU
		{35CE73E6-32EA-BBC2-BCD4-C75D9567D6B1}.Release|Any CPU.Build.0 = Release|Any CPU
	EndGlobalSection
	GlobalSection(SolutionProperties) = preSolution
		HideSolutionNode = FALSE
	EndGlobalSection
	GlobalSection(ExtensibilityGlobals) = postSolution
		SolutionGuid = {7674BC6C-FE41-46F7-AC75-FE2A695DA940}
	EndGlobalSection
EndGlobal
